
Microsoft Visual Studio Solution File, Format Version 12.00
# Visual Studio Version 17
VisualStudioVersion = 17.13.35731.43 d17.13
MinimumVisualStudioVersion = 10.0.40219.1
Project("{FAE04EC0-301F-11D3-BF4B-00C04F79EFBC}") = "2.Ornek", "2.Ornek\2.Ornek.csproj", "{9B0FDD51-F91E-4D81-9EFB-B23B785D02CE}"
EndProject
Global
	GlobalSection(SolutionConfigurationPlatforms) = preSolution
		Debug|Any CPU = Debug|Any CPU
		Release|Any CPU = Release|Any CPU
	EndGlobalSection
	GlobalSection(ProjectConfigurationPlatforms) = postSolution
		{9B0FDD51-F91E-4D81-9EFB-B23B785D02CE}.Debug|Any CPU.ActiveCfg = Debug|Any CPU
		{9B0FDD51-F91E-4D81-9EFB-B23B785D02CE}.Debug|Any CPU.Build.0 = Debug|Any CPU
		{9B0FDD51-F91E-4D81-9EFB-B23B785D02CE}.Release|Any CPU.ActiveCfg = Release|Any CPU
		{9B0FDD51-F91E-4D81-9EFB-B23B785D02CE}.Release|Any CPU.Build.0 = Release|Any CPU
	EndGlobalSection
	GlobalSection(SolutionProperties) = preSolution
		HideSolutionNode = FALSE
	EndGlobalSection
	GlobalSection(ExtensibilityGlobals) = postSolution
		SolutionGuid = {0718F667-5A39-4A61-AF9F-F94D095C9EB1}
	EndGlobalSection
EndGlobal
