
Microsoft Visual Studio Solution File, Format Version 12.00
# Visual Studio Version 17
VisualStudioVersion = 17.13.35731.43 d17.13
MinimumVisualStudioVersion = 10.0.40219.1
Project("{FAE04EC0-301F-11D3-BF4B-00C04F79EFBC}") = "5.Ornek", "5.Ornek\5.Ornek.csproj", "{093CBB8C-4F58-4ECE-B4CF-F4C557613947}"
EndProject
Global
	GlobalSection(SolutionConfigurationPlatforms) = preSolution
		Debug|Any CPU = Debug|Any CPU
		Release|Any CPU = Release|Any CPU
	EndGlobalSection
	GlobalSection(ProjectConfigurationPlatforms) = postSolution
		{093CBB8C-4F58-4ECE-B4CF-F4C557613947}.Debug|Any CPU.ActiveCfg = Debug|Any CPU
		{093CBB8C-4F58-4ECE-B4CF-F4C557613947}.Debug|Any CPU.Build.0 = Debug|Any CPU
		{093CBB8C-4F58-4ECE-B4CF-F4C557613947}.Release|Any CPU.ActiveCfg = Release|Any CPU
		{093CBB8C-4F58-4ECE-B4CF-F4C557613947}.Release|Any CPU.Build.0 = Release|Any CPU
	EndGlobalSection
	GlobalSection(SolutionProperties) = preSolution
		HideSolutionNode = FALSE
	EndGlobalSection
	GlobalSection(ExtensibilityGlobals) = postSolution
		SolutionGuid = {B32D47D1-C9C4-45F3-AAD8-CAEAD69352ED}
	EndGlobalSection
EndGlobal
