
Microsoft Visual Studio Solution File, Format Version 12.00
# Visual Studio Version 17
VisualStudioVersion = 17.13.35731.43 d17.13
MinimumVisualStudioVersion = 10.0.40219.1
Project("{FAE04EC0-301F-11D3-BF4B-00C04F79EFBC}") = "2- Gün İsmi Belirleme", "2- Gün İsmi Belirleme\2- Gün İsmi Belirleme.csproj", "{1389893C-0C1A-492A-9D2D-EF21CF5541E2}"
EndProject
Global
	GlobalSection(SolutionConfigurationPlatforms) = preSolution
		Debug|Any CPU = Debug|Any CPU
		Release|Any CPU = Release|Any CPU
	EndGlobalSection
	GlobalSection(ProjectConfigurationPlatforms) = postSolution
		{1389893C-0C1A-492A-9D2D-EF21CF5541E2}.Debug|Any CPU.ActiveCfg = Debug|Any CPU
		{1389893C-0C1A-492A-9D2D-EF21CF5541E2}.Debug|Any CPU.Build.0 = Debug|Any CPU
		{1389893C-0C1A-492A-9D2D-EF21CF5541E2}.Release|Any CPU.ActiveCfg = Release|Any CPU
		{1389893C-0C1A-492A-9D2D-EF21CF5541E2}.Release|Any CPU.Build.0 = Release|Any CPU
	EndGlobalSection
	GlobalSection(SolutionProperties) = preSolution
		HideSolutionNode = FALSE
	EndGlobalSection
	GlobalSection(ExtensibilityGlobals) = postSolution
		SolutionGuid = {F2355D90-9079-4836-976A-DF5AEB0F4DD9}
	EndGlobalSection
EndGlobal
