
Microsoft Visual Studio Solution File, Format Version 12.00
# Visual Studio Version 17
VisualStudioVersion = 17.13.35731.43 d17.13
MinimumVisualStudioVersion = 10.0.40219.1
Project("{FAE04EC0-301F-11D3-BF4B-00C04F79EFBC}") = "3.Ornek", "3.Ornek\3.Ornek.csproj", "{D3FAD5BF-4492-490E-8DF5-1FD086DD4E7D}"
EndProject
Global
	GlobalSection(SolutionConfigurationPlatforms) = preSolution
		Debug|Any CPU = Debug|Any CPU
		Release|Any CPU = Release|Any CPU
	EndGlobalSection
	GlobalSection(ProjectConfigurationPlatforms) = postSolution
		{D3FAD5BF-4492-490E-8DF5-1FD086DD4E7D}.Debug|Any CPU.ActiveCfg = Debug|Any CPU
		{D3FAD5BF-4492-490E-8DF5-1FD086DD4E7D}.Debug|Any CPU.Build.0 = Debug|Any CPU
		{D3FAD5BF-4492-490E-8DF5-1FD086DD4E7D}.Release|Any CPU.ActiveCfg = Release|Any CPU
		{D3FAD5BF-4492-490E-8DF5-1FD086DD4E7D}.Release|Any CPU.Build.0 = Release|Any CPU
	EndGlobalSection
	GlobalSection(SolutionProperties) = preSolution
		HideSolutionNode = FALSE
	EndGlobalSection
	GlobalSection(ExtensibilityGlobals) = postSolution
		SolutionGuid = {EA091F4C-2590-43F9-851E-A88E96730B2C}
	EndGlobalSection
EndGlobal
