
Microsoft Visual Studio Solution File, Format Version 12.00
# Visual Studio Version 17
VisualStudioVersion = 17.13.35731.43 d17.13
MinimumVisualStudioVersion = 10.0.40219.1
Project("{FAE04EC0-301F-11D3-BF4B-00C04F79EFBC}") = "Ocak - 2", "Ocak - 2\Ocak - 2.csproj", "{8A3B9953-D24F-4B2A-942C-DCB855D8BE9F}"
EndProject
Global
	GlobalSection(SolutionConfigurationPlatforms) = preSolution
		Debug|Any CPU = Debug|Any CPU
		Release|Any CPU = Release|Any CPU
	EndGlobalSection
	GlobalSection(ProjectConfigurationPlatforms) = postSolution
		{8A3B9953-D24F-4B2A-942C-DCB855D8BE9F}.Debug|Any CPU.ActiveCfg = Debug|Any CPU
		{8A3B9953-D24F-4B2A-942C-DCB855D8BE9F}.Debug|Any CPU.Build.0 = Debug|Any CPU
		{8A3B9953-D24F-4B2A-942C-DCB855D8BE9F}.Release|Any CPU.ActiveCfg = Release|Any CPU
		{8A3B9953-D24F-4B2A-942C-DCB855D8BE9F}.Release|Any CPU.Build.0 = Release|Any CPU
	EndGlobalSection
	GlobalSection(SolutionProperties) = preSolution
		HideSolutionNode = FALSE
	EndGlobalSection
	GlobalSection(ExtensibilityGlobals) = postSolution
		SolutionGuid = {4C674FEB-5DDC-49D0-9C8E-9BF02741F9CE}
	EndGlobalSection
EndGlobal
