
Microsoft Visual Studio Solution File, Format Version 12.00
# Visual Studio Version 17
VisualStudioVersion = 17.13.35731.43 d17.13
MinimumVisualStudioVersion = 10.0.40219.1
Project("{FAE04EC0-301F-11D3-BF4B-00C04F79EFBC}") = "10.Ornek", "10.Ornek\10.Ornek.csproj", "{178BF6D5-8FED-4EDD-BC13-F9F9EC6CDBA2}"
EndProject
Global
	GlobalSection(SolutionConfigurationPlatforms) = preSolution
		Debug|Any CPU = Debug|Any CPU
		Release|Any CPU = Release|Any CPU
	EndGlobalSection
	GlobalSection(ProjectConfigurationPlatforms) = postSolution
		{178BF6D5-8FED-4EDD-BC13-F9F9EC6CDBA2}.Debug|Any CPU.ActiveCfg = Debug|Any CPU
		{178BF6D5-8FED-4EDD-BC13-F9F9EC6CDBA2}.Debug|Any CPU.Build.0 = Debug|Any CPU
		{178BF6D5-8FED-4EDD-BC13-F9F9EC6CDBA2}.Release|Any CPU.ActiveCfg = Release|Any CPU
		{178BF6D5-8FED-4EDD-BC13-F9F9EC6CDBA2}.Release|Any CPU.Build.0 = Release|Any CPU
	EndGlobalSection
	GlobalSection(SolutionProperties) = preSolution
		HideSolutionNode = FALSE
	EndGlobalSection
	GlobalSection(ExtensibilityGlobals) = postSolution
		SolutionGuid = {E4CF0F79-0302-4EC2-B8F0-F1C9244B9745}
	EndGlobalSection
EndGlobal
