
Microsoft Visual Studio Solution File, Format Version 12.00
# Visual Studio Version 17
VisualStudioVersion = 17.13.35731.43 d17.13
MinimumVisualStudioVersion = 10.0.40219.1
Project("{FAE04EC0-301F-11D3-BF4B-00C04F79EFBC}") = "Net React Ödev Nisan - 2", "Net React Ödev Nisan - 2\Net React Ödev Nisan - 2.csproj", "{A0BEEB9F-6E9C-455C-B08D-30E56C4AF0B1}"
EndProject
Global
	GlobalSection(SolutionConfigurationPlatforms) = preSolution
		Debug|Any CPU = Debug|Any CPU
		Release|Any CPU = Release|Any CPU
	EndGlobalSection
	GlobalSection(ProjectConfigurationPlatforms) = postSolution
		{A0BEEB9F-6E9C-455C-B08D-30E56C4AF0B1}.Debug|Any CPU.ActiveCfg = Debug|Any CPU
		{A0BEEB9F-6E9C-455C-B08D-30E56C4AF0B1}.Debug|Any CPU.Build.0 = Debug|Any CPU
		{A0BEEB9F-6E9C-455C-B08D-30E56C4AF0B1}.Release|Any CPU.ActiveCfg = Release|Any CPU
		{A0BEEB9F-6E9C-455C-B08D-30E56C4AF0B1}.Release|Any CPU.Build.0 = Release|Any CPU
	EndGlobalSection
	GlobalSection(SolutionProperties) = preSolution
		HideSolutionNode = FALSE
	EndGlobalSection
	GlobalSection(ExtensibilityGlobals) = postSolution
		SolutionGuid = {26F7860F-DCAE-40C6-B4DF-B6C3B08BE0D9}
	EndGlobalSection
EndGlobal
