
Microsoft Visual Studio Solution File, Format Version 12.00
# Visual Studio Version 17
VisualStudioVersion = 17.13.35731.43 d17.13
MinimumVisualStudioVersion = 10.0.40219.1
Project("{FAE04EC0-301F-11D3-BF4B-00C04F79EFBC}") = "Ocak - 3", "Ocak - 3\Ocak - 3.csproj", "{253DBB37-DA48-423C-9EED-70AE62B801BF}"
EndProject
Global
	GlobalSection(SolutionConfigurationPlatforms) = preSolution
		Debug|Any CPU = Debug|Any CPU
		Release|Any CPU = Release|Any CPU
	EndGlobalSection
	GlobalSection(ProjectConfigurationPlatforms) = postSolution
		{253DBB37-DA48-423C-9EED-70AE62B801BF}.Debug|Any CPU.ActiveCfg = Debug|Any CPU
		{253DBB37-DA48-423C-9EED-70AE62B801BF}.Debug|Any CPU.Build.0 = Debug|Any CPU
		{253DBB37-DA48-423C-9EED-70AE62B801BF}.Release|Any CPU.ActiveCfg = Release|Any CPU
		{253DBB37-DA48-423C-9EED-70AE62B801BF}.Release|Any CPU.Build.0 = Release|Any CPU
	EndGlobalSection
	GlobalSection(SolutionProperties) = preSolution
		HideSolutionNode = FALSE
	EndGlobalSection
	GlobalSection(ExtensibilityGlobals) = postSolution
		SolutionGuid = {15B235D0-F501-4C80-A4B7-7699E2C74F38}
	EndGlobalSection
EndGlobal
